
Microsoft Visual Studio Solution File, Format Version 12.00
# Visual Studio Version 16
VisualStudioVersion = 16.0.30225.117
MinimumVisualStudioVersion = 10.0.40219.1
Project("{FAE04EC0-301F-11D3-BF4B-00C04F79EFBC}") = "HIgh Low Game", "HIgh Low Game\HIgh Low Game.csproj", "{88EB09C5-015A-4FB8-977A-FAAF2DEAD905}"
EndProject
Global
	GlobalSection(SolutionConfigurationPlatforms) = preSolution
		Debug|Any CPU = Debug|Any CPU
		Release|Any CPU = Release|Any CPU
	EndGlobalSection
	GlobalSection(ProjectConfigurationPlatforms) = postSolution
		{88EB09C5-015A-4FB8-977A-FAAF2DEAD905}.Debug|Any CPU.ActiveCfg = Debug|Any CPU
		{88EB09C5-015A-4FB8-977A-FAAF2DEAD905}.Debug|Any CPU.Build.0 = Debug|Any CPU
		{88EB09C5-015A-4FB8-977A-FAAF2DEAD905}.Release|Any CPU.ActiveCfg = Release|Any CPU
		{88EB09C5-015A-4FB8-977A-FAAF2DEAD905}.Release|Any CPU.Build.0 = Release|Any CPU
	EndGlobalSection
	GlobalSection(SolutionProperties) = preSolution
		HideSolutionNode = FALSE
	EndGlobalSection
	GlobalSection(ExtensibilityGlobals) = postSolution
		SolutionGuid = {8D6B1076-FEE7-4D44-BA72-EE4A933E5F36}
	EndGlobalSection
EndGlobal
